PODS:
  - Alamofire (4.5.1)
  - CryptoSwift (0.8.0)
  - EZSwiftExtensions (1.11)
  - FileBrowser (1.0.0)
  - FSCalendar (2.7.9)
  - Hero (1.0.1)
  - IQKeyboardManager (5.0.6)
  - Kingfisher (4.3.1)
  - MJRefresh (3.1.15.1)
  - Moya (10.0.1):
    - Moya/Core (= 10.0.1)
  - Moya-ObjectMapper/Core (2.5):
    - Moya (~> 10.0.0)
    - ObjectMapper (~> 3.0.0)
  - Moya-ObjectMapper/RxSwift (2.5):
    - Moya-ObjectMapper/Core
    - Moya/RxSwift
    - RxSwift (~> 4.0.0)
  - Moya/Core (10.0.1):
    - Alamofire (~> 4.1)
    - Result (~> 3.0)
  - Moya/RxSwift (10.0.1):
    - Moya/Core
    - RxSwift (~> 4.0)
  - NVActivityIndicatorView (4.0.1):
    - NVActivityIndicatorView/Presenter (= 4.0.1)
  - NVActivityIndicatorView/Presenter (4.0.1)
  - ObjectMapper (3.0.0)
  - Result (3.2.4)
  - RxCocoa (4.0.0):
    - RxSwift (~> 4.0)
  - RxSwift (4.0.0)
  - SnapKit (4.0.0)
  - SwiftMessages (4.1.0)
  - SwiftyJSON (4.0.0)
  - Then (2.3.0)

DEPENDENCIES:
  - CryptoSwift
  - EZSwiftExtensions
  - FileBrowser
  - FSCalendar
  - Hero
  - IQKeyboardManager
  - Kingfisher
  - MJRefresh
  - Moya
  - Moya-ObjectMapper/RxSwift
  - Moya/RxSwift
  - NVActivityIndicatorView
  - RxCocoa
  - RxSwift
  - SnapKit
  - SwiftMessages
  - SwiftyJSON
  - Then

SPEC CHECKSUMS:
  Alamofire: 2d95912bf4c34f164fdfc335872e8c312acaea4a
  CryptoSwift: f81907430ebbe38b8404b4f6fb40f3c576a8755f
  EZSwiftExtensions: 84000042202d9fd574f626cda3064143f27fa767
  FileBrowser: 2ca91ff61c9ea09665eb3b8f9e64a7a77e66a0bf
  FSCalendar: a04b09f16f811bc92e82f3cf852a15225233b9d5
  Hero: cee286821578e170d8c0c9c9cda7897357401112
  IQKeyboardManager: 077b7f691dfa9d69db9cff66f2bed68ebfc02d9b
  Kingfisher: 75541c4b62f02e1fde6f9772303de3d9ebe8f5b3
  MJRefresh: 5f8552bc25ca8751c010f621c1098dbdaacbccd6
  Moya: 9e621707ff754eeb51ff3ec51a3d54e517c0733a
  Moya-ObjectMapper: 167adf69db0298bf3a19ea05cb9a16ee117c8ef5
  NVActivityIndicatorView: 77ed6d7b571643e24899e7858bf9ae2ee4c21f31
  ObjectMapper: 92230db59bf8f341a5c3a3cf0b9fbdde3cf0d87f
  Result: d2d07204ce72856f1fd9130bbe42c35a7b0fea10
  RxCocoa: d62846ca96495d862fa4c59ea7d87e5031d7340e
  RxSwift: fd680d75283beb5e2559486f3c0ff852f0d35334
  SnapKit: a42d492c16e80209130a3379f73596c3454b7694
  SwiftMessages: 1bacc783c8f10bdfdc57c14860cae8a1f1fa6591
  SwiftyJSON: 070dabdcb1beb81b247c65ffa3a79dbbfb3b48aa
  Then: ee21c97b85ff6062b9b0080c9abb1eea46743345

PODFILE CHECKSUM: 0b09c15ac4f7578e9b0ba907d9074a4a6b8d5948

COCOAPODS: 1.4.0.beta.2
