// !$*UTF8*$!
{
	archiveVersion = 1;
	classes = {
	};
	objectVersion = 48;
	objects = {

/* Begin PBXBuildFile section */
		835964E4283EC3FB51579AA1 /* Pods_SwiftBaseMVVM.framework in Frameworks */ = {isa = PBXBuildFile; fileRef = 5EF17B874338EEA9C3D3DA19 /* Pods_SwiftBaseMVVM.framework */; };
		89CDBF521FCE817B0045457B /* AppDelegate.swift in Sources */ = {isa = PBXBuildFile; fileRef = 89CDBF511FCE817B0045457B /* AppDelegate.swift */; };
		89CDBF541FCE817B0045457B /* ViewController.swift in Sources */ = {isa = PBXBuildFile; fileRef = 89CDBF531FCE817B0045457B /* ViewController.swift */; };
		89CDBF571FCE817B0045457B /* Main.storyboard in Resources */ = {isa = PBXBuildFile; fileRef = 89CDBF551FCE817B0045457B /* Main.storyboard */; };
		89CDBF591FCE817B0045457B /* Assets.xcassets in Resources */ = {isa = PBXBuildFile; fileRef = 89CDBF581FCE817B0045457B /* Assets.xcassets */; };
		89CDBF5C1FCE817B0045457B /* LaunchScreen.storyboard in Resources */ = {isa = PBXBuildFile; fileRef = 89CDBF5A1FCE817B0045457B /* LaunchScreen.storyboard */; };
		89CDBF671FCE817B0045457B /* SwiftBaseMVVMTests.swift in Sources */ = {isa = PBXBuildFile; fileRef = 89CDBF661FCE817B0045457B /* SwiftBaseMVVMTests.swift */; };
		89CDBF721FCE817B0045457B /* SwiftBaseMVVMUITests.swift in Sources */ = {isa = PBXBuildFile; fileRef = 89CDBF711FCE817B0045457B /* SwiftBaseMVVMUITests.swift */; };
		89CDBF861FCE82060045457B /* SwiftMessageManager.swift in Sources */ = {isa = PBXBuildFile; fileRef = 89CDBF7F1FCE82050045457B /* SwiftMessageManager.swift */; };
		89CDBF871FCE82060045457B /* File.swift in Sources */ = {isa = PBXBuildFile; fileRef = 89CDBF801FCE82050045457B /* File.swift */; };
		89CDBF881FCE82060045457B /* Model.swift in Sources */ = {isa = PBXBuildFile; fileRef = 89CDBF811FCE82050045457B /* Model.swift */; };
		89CDBF891FCE82060045457B /* HTTPRequestTool.swift in Sources */ = {isa = PBXBuildFile; fileRef = 89CDBF821FCE82050045457B /* HTTPRequestTool.swift */; };
		89CDBF8A1FCE82060045457B /* BaseViewController.swift in Sources */ = {isa = PBXBuildFile; fileRef = 89CDBF831FCE82050045457B /* BaseViewController.swift */; };
		89CDBF8B1FCE82060045457B /* ViewModel.swift in Sources */ = {isa = PBXBuildFile; fileRef = 89CDBF841FCE82050045457B /* ViewModel.swift */; };
/* End PBXBuildFile section */

/* Begin PBXContainerItemProxy section */
		89CDBF631FCE817B0045457B /* PBXContainerItemProxy */ = {
			isa = PBXContainerItemProxy;
			containerPortal = 89CDBF461FCE817B0045457B /* Project object */;
			proxyType = 1;
			remoteGlobalIDString = 89CDBF4D1FCE817B0045457B;
			remoteInfo = SwiftBaseMVVM;
		};
		89CDBF6E1FCE817B0045457B /* PBXContainerItemProxy */ = {
			isa = PBXContainerItemProxy;
			containerPortal = 89CDBF461FCE817B0045457B /* Project object */;
			proxyType = 1;
			remoteGlobalIDString = 89CDBF4D1FCE817B0045457B;
			remoteInfo = SwiftBaseMVVM;
		};
/* End PBXContainerItemProxy section */

/* Begin PBXFileReference section */
		50120DF9450795F7C2C1CEB7 /* Pods-SwiftBaseMVVM.release.xcconfig */ = {isa = PBXFileReference; includeInIndex = 1; lastKnownFileType = text.xcconfig; name = "Pods-SwiftBaseMVVM.release.xcconfig"; path = "Pods/Target Support Files/Pods-SwiftBaseMVVM/Pods-SwiftBaseMVVM.release.xcconfig"; sourceTree = "<group>"; };
		5EF17B874338EEA9C3D3DA19 /* Pods_SwiftBaseMVVM.framework */ = {isa = PBXFileReference; explicitFileType = wrapper.framework; includeInIndex = 0; path = Pods_SwiftBaseMVVM.framework; sourceTree = BUILT_PRODUCTS_DIR; };
		89CDBF4E1FCE817B0045457B /* SwiftBaseMVVM.app */ = {isa = PBXFileReference; explicitFileType = wrapper.application; includeInIndex = 0; path = SwiftBaseMVVM.app; sourceTree = BUILT_PRODUCTS_DIR; };
		89CDBF511FCE817B0045457B /* AppDelegate.swift */ = {isa = PBXFileReference; lastKnownFileType = sourcecode.swift; path = AppDelegate.swift; sourceTree = "<group>"; };
		89CDBF531FCE817B0045457B /* ViewController.swift */ = {isa = PBXFileReference; lastKnownFileType = sourcecode.swift; path = ViewController.swift; sourceTree = "<group>"; };
		89CDBF561FCE817B0045457B /* Base */ = {isa = PBXFileReference; lastKnownFileType = file.storyboard; name = Base; path = Base.lproj/Main.storyboard; sourceTree = "<group>"; };
		89CDBF581FCE817B0045457B /* Assets.xcassets */ = {isa = PBXFileReference; lastKnownFileType = folder.assetcatalog; path = Assets.xcassets; sourceTree = "<group>"; };
		89CDBF5B1FCE817B0045457B /* Base */ = {isa = PBXFileReference; lastKnownFileType = file.storyboard; name = Base; path = Base.lproj/LaunchScreen.storyboard; sourceTree = "<group>"; };
		89CDBF5D1FCE817B0045457B /* Info.plist */ = {isa = PBXFileReference; lastKnownFileType = text.plist.xml; path = Info.plist; sourceTree = "<group>"; };
		89CDBF621FCE817B0045457B /* SwiftBaseMVVMTests.xctest */ = {isa = PBXFileReference; explicitFileType = wrapper.cfbundle; includeInIndex = 0; path = SwiftBaseMVVMTests.xctest; sourceTree = BUILT_PRODUCTS_DIR; };
		89CDBF661FCE817B0045457B /* SwiftBaseMVVMTests.swift */ = {isa = PBXFileReference; lastKnownFileType = sourcecode.swift; path = SwiftBaseMVVMTests.swift; sourceTree = "<group>"; };
		89CDBF681FCE817B0045457B /* Info.plist */ = {isa = PBXFileReference; lastKnownFileType = text.plist.xml; path = Info.plist; sourceTree = "<group>"; };
		89CDBF6D1FCE817B0045457B /* SwiftBaseMVVMUITests.xctest */ = {isa = PBXFileReference; explicitFileType = wrapper.cfbundle; includeInIndex = 0; path = SwiftBaseMVVMUITests.xctest; sourceTree = BUILT_PRODUCTS_DIR; };
		89CDBF711FCE817B0045457B /* SwiftBaseMVVMUITests.swift */ = {isa = PBXFileReference; lastKnownFileType = sourcecode.swift; path = SwiftBaseMVVMUITests.swift; sourceTree = "<group>"; };
		89CDBF731FCE817B0045457B /* Info.plist */ = {isa = PBXFileReference; lastKnownFileType = text.plist.xml; path = Info.plist; sourceTree = "<group>"; };
		89CDBF7F1FCE82050045457B /* SwiftMessageManager.swift */ = {isa = PBXFileReference; fileEncoding = 4; lastKnownFileType = sourcecode.swift; path = SwiftMessageManager.swift; sourceTree = "<group>"; };
		89CDBF801FCE82050045457B /* File.swift */ = {isa = PBXFileReference; fileEncoding = 4; lastKnownFileType = sourcecode.swift; path = File.swift; sourceTree = "<group>"; };
		89CDBF811FCE82050045457B /* Model.swift */ = {isa = PBXFileReference; fileEncoding = 4; lastKnownFileType = sourcecode.swift; path = Model.swift; sourceTree = "<group>"; };
		89CDBF821FCE82050045457B /* HTTPRequestTool.swift */ = {isa = PBXFileReference; fileEncoding = 4; lastKnownFileType = sourcecode.swift; path = HTTPRequestTool.swift; sourceTree = "<group>"; };
		89CDBF831FCE82050045457B /* BaseViewController.swift */ = {isa = PBXFileReference; fileEncoding = 4; lastKnownFileType = sourcecode.swift; path = BaseViewController.swift; sourceTree = "<group>"; };
		89CDBF841FCE82050045457B /* ViewModel.swift */ = {isa = PBXFileReference; fileEncoding = 4; lastKnownFileType = sourcecode.swift; path = ViewModel.swift; sourceTree = "<group>"; };
		DB071853528D01B0BD8BC804 /* Pods-SwiftBaseMVVM.debug.xcconfig */ = {isa = PBXFileReference; includeInIndex = 1; lastKnownFileType = text.xcconfig; name = "Pods-SwiftBaseMVVM.debug.xcconfig"; path = "Pods/Target Support Files/Pods-SwiftBaseMVVM/Pods-SwiftBaseMVVM.debug.xcconfig"; sourceTree = "<group>"; };
/* End PBXFileReference section */

/* Begin PBXFrameworksBuildPhase section */
		89CDBF4B1FCE817B0045457B /* Frameworks */ = {
			isa = PBXFrameworksBuildPhase;
			buildActionMask = 2147483647;
			files = (
				835964E4283EC3FB51579AA1 /* Pods_SwiftBaseMVVM.framework in Frameworks */,
			);
			runOnlyForDeploymentPostprocessing = 0;
		};
		89CDBF5F1FCE817B0045457B /* Frameworks */ = {
			isa = PBXFrameworksBuildPhase;
			buildActionMask = 2147483647;
			files = (
			);
			runOnlyForDeploymentPostprocessing = 0;
		};
		89CDBF6A1FCE817B0045457B /* Frameworks */ = {
			isa = PBXFrameworksBuildPhase;
			buildActionMask = 2147483647;
			files = (
			);
			runOnlyForDeploymentPostprocessing = 0;
		};
/* End PBXFrameworksBuildPhase section */

/* Begin PBXGroup section */
		08BD4DEA19FE4DB7F2E75545 /* Frameworks */ = {
			isa = PBXGroup;
			children = (
				5EF17B874338EEA9C3D3DA19 /* Pods_SwiftBaseMVVM.framework */,
			);
			name = Frameworks;
			sourceTree = "<group>";
		};
		372A9E6822CB1582B3394EB6 /* Pods */ = {
			isa = PBXGroup;
			children = (
				DB071853528D01B0BD8BC804 /* Pods-SwiftBaseMVVM.debug.xcconfig */,
				50120DF9450795F7C2C1CEB7 /* Pods-SwiftBaseMVVM.release.xcconfig */,
			);
			name = Pods;
			sourceTree = "<group>";
		};
		898197F21FCE9FB700B73AA7 /* Base */ = {
			isa = PBXGroup;
			children = (
				89CDBF831FCE82050045457B /* BaseViewController.swift */,
			);
			path = Base;
			sourceTree = "<group>";
		};
		898197F31FCE9FD400B73AA7 /* Tool */ = {
			isa = PBXGroup;
			children = (
				89CDBF801FCE82050045457B /* File.swift */,
				89CDBF7F1FCE82050045457B /* SwiftMessageManager.swift */,
				89CDBF821FCE82050045457B /* HTTPRequestTool.swift */,
				89CDBF841FCE82050045457B /* ViewModel.swift */,
			);
			path = Tool;
			sourceTree = "<group>";
		};
		898197F41FCE9FDC00B73AA7 /* Main */ = {
			isa = PBXGroup;
			children = (
				89CDBF511FCE817B0045457B /* AppDelegate.swift */,
				89CDBF531FCE817B0045457B /* ViewController.swift */,
			);
			path = Main;
			sourceTree = "<group>";
		};
		898197F51FCEA03300B73AA7 /* Model */ = {
			isa = PBXGroup;
			children = (
				89CDBF811FCE82050045457B /* Model.swift */,
			);
			path = Model;
			sourceTree = "<group>";
		};
		89CDBF451FCE817B0045457B = {
			isa = PBXGroup;
			children = (
				89CDBF501FCE817B0045457B /* SwiftBaseMVVM */,
				89CDBF651FCE817B0045457B /* SwiftBaseMVVMTests */,
				89CDBF701FCE817B0045457B /* SwiftBaseMVVMUITests */,
				89CDBF4F1FCE817B0045457B /* Products */,
				372A9E6822CB1582B3394EB6 /* Pods */,
				08BD4DEA19FE4DB7F2E75545 /* Frameworks */,
			);
			sourceTree = "<group>";
		};
		89CDBF4F1FCE817B0045457B /* Products */ = {
			isa = PBXGroup;
			children = (
				89CDBF4E1FCE817B0045457B /* SwiftBaseMVVM.app */,
				89CDBF621FCE817B0045457B /* SwiftBaseMVVMTests.xctest */,
				89CDBF6D1FCE817B0045457B /* SwiftBaseMVVMUITests.xctest */,
			);
			name = Products;
			sourceTree = "<group>";
		};
		89CDBF501FCE817B0045457B /* SwiftBaseMVVM */ = {
			isa = PBXGroup;
			children = (
				898197F51FCEA03300B73AA7 /* Model */,
				898197F41FCE9FDC00B73AA7 /* Main */,
				898197F21FCE9FB700B73AA7 /* Base */,
				898197F31FCE9FD400B73AA7 /* Tool */,
				89CDBF551FCE817B0045457B /* Main.storyboard */,
				89CDBF581FCE817B0045457B /* Assets.xcassets */,
				89CDBF5A1FCE817B0045457B /* LaunchScreen.storyboard */,
				89CDBF5D1FCE817B0045457B /* Info.plist */,
			);
			path = SwiftBaseMVVM;
			sourceTree = "<group>";
		};
		89CDBF651FCE817B0045457B /* SwiftBaseMVVMTests */ = {
			isa = PBXGroup;
			children = (
				89CDBF661FCE817B0045457B /* SwiftBaseMVVMTests.swift */,
				89CDBF681FCE817B0045457B /* Info.plist */,
			);
			path = SwiftBaseMVVMTests;
			sourceTree = "<group>";
		};
		89CDBF701FCE817B0045457B /* SwiftBaseMVVMUITests */ = {
			isa = PBXGroup;
			children = (
				89CDBF711FCE817B0045457B /* SwiftBaseMVVMUITests.swift */,
				89CDBF731FCE817B0045457B /* Info.plist */,
			);
			path = SwiftBaseMVVMUITests;
			sourceTree = "<group>";
		};
/* End PBXGroup section */

/* Begin PBXNativeTarget section */
		89CDBF4D1FCE817B0045457B /* SwiftBaseMVVM */ = {
			isa = PBXNativeTarget;
			buildConfigurationList = 89CDBF761FCE817B0045457B /* Build configuration list for PBXNativeTarget "SwiftBaseMVVM" */;
			buildPhases = (
				CEFEC830A098F95F27D715BF /* [CP] Check Pods Manifest.lock */,
				89CDBF4A1FCE817B0045457B /* Sources */,
				89CDBF4B1FCE817B0045457B /* Frameworks */,
				89CDBF4C1FCE817B0045457B /* Resources */,
				A9B068C7AFA7E43F13AA4203 /* [CP] Embed Pods Frameworks */,
				23C796B498D220E0A5467D9C /* [CP] Copy Pods Resources */,
			);
			buildRules = (
			);
			dependencies = (
			);
			name = SwiftBaseMVVM;
			productName = SwiftBaseMVVM;
			productReference = 89CDBF4E1FCE817B0045457B /* SwiftBaseMVVM.app */;
			productType = "com.apple.product-type.application";
		};
		89CDBF611FCE817B0045457B /* SwiftBaseMVVMTests */ = {
			isa = PBXNativeTarget;
			buildConfigurationList = 89CDBF791FCE817B0045457B /* Build configuration list for PBXNativeTarget "SwiftBaseMVVMTests" */;
			buildPhases = (
				89CDBF5E1FCE817B0045457B /* Sources */,
				89CDBF5F1FCE817B0045457B /* Frameworks */,
				89CDBF601FCE817B0045457B /* Resources */,
			);
			buildRules = (
			);
			dependencies = (
				89CDBF641FCE817B0045457B /* PBXTargetDependency */,
			);
			name = SwiftBaseMVVMTests;
			productName = SwiftBaseMVVMTests;
			productReference = 89CDBF621FCE817B0045457B /* SwiftBaseMVVMTests.xctest */;
			productType = "com.apple.product-type.bundle.unit-test";
		};
		89CDBF6C1FCE817B0045457B /* SwiftBaseMVVMUITests */ = {
			isa = PBXNativeTarget;
			buildConfigurationList = 89CDBF7C1FCE817B0045457B /* Build configuration list for PBXNativeTarget "SwiftBaseMVVMUITests" */;
			buildPhases = (
				89CDBF691FCE817B0045457B /* Sources */,
				89CDBF6A1FCE817B0045457B /* Frameworks */,
				89CDBF6B1FCE817B0045457B /* Resources */,
			);
			buildRules = (
			);
			dependencies = (
				89CDBF6F1FCE817B0045457B /* PBXTargetDependency */,
			);
			name = SwiftBaseMVVMUITests;
			productName = SwiftBaseMVVMUITests;
			productReference = 89CDBF6D1FCE817B0045457B /* SwiftBaseMVVMUITests.xctest */;
			productType = "com.apple.product-type.bundle.ui-testing";
		};
/* End PBXNativeTarget section */

/* Begin PBXProject section */
		89CDBF461FCE817B0045457B /* Project object */ = {
			isa = PBXProject;
			attributes = {
				LastSwiftUpdateCheck = 0900;
				LastUpgradeCheck = 0900;
				ORGANIZATIONNAME = "新龙科技";
				TargetAttributes = {
					89CDBF4D1FCE817B0045457B = {
						CreatedOnToolsVersion = 9.0.1;
						ProvisioningStyle = Automatic;
					};
					89CDBF611FCE817B0045457B = {
						CreatedOnToolsVersion = 9.0.1;
						ProvisioningStyle = Automatic;
						TestTargetID = 89CDBF4D1FCE817B0045457B;
					};
					89CDBF6C1FCE817B0045457B = {
						CreatedOnToolsVersion = 9.0.1;
						ProvisioningStyle = Automatic;
						TestTargetID = 89CDBF4D1FCE817B0045457B;
					};
				};
			};
			buildConfigurationList = 89CDBF491FCE817B0045457B /* Build configuration list for PBXProject "SwiftBaseMVVM" */;
			compatibilityVersion = "Xcode 8.0";
			developmentRegion = en;
			hasScannedForEncodings = 0;
			knownRegions = (
				en,
				Base,
			);
			mainGroup = 89CDBF451FCE817B0045457B;
			productRefGroup = 89CDBF4F1FCE817B0045457B /* Products */;
			projectDirPath = "";
			projectRoot = "";
			targets = (
				89CDBF4D1FCE817B0045457B /* SwiftBaseMVVM */,
				89CDBF611FCE817B0045457B /* SwiftBaseMVVMTests */,
				89CDBF6C1FCE817B0045457B /* SwiftBaseMVVMUITests */,
			);
		};
/* End PBXProject section */

/* Begin PBXResourcesBuildPhase section */
		89CDBF4C1FCE817B0045457B /* Resources */ = {
			isa = PBXResourcesBuildPhase;
			buildActionMask = 2147483647;
			files = (
				89CDBF5C1FCE817B0045457B /* LaunchScreen.storyboard in Resources */,
				89CDBF591FCE817B0045457B /* Assets.xcassets in Resources */,
				89CDBF571FCE817B0045457B /* Main.storyboard in Resources */,
			);
			runOnlyForDeploymentPostprocessing = 0;
		};
		89CDBF601FCE817B0045457B /* Resources */ = {
			isa = PBXResourcesBuildPhase;
			buildActionMask = 2147483647;
			files = (
			);
			runOnlyForDeploymentPostprocessing = 0;
		};
		89CDBF6B1FCE817B0045457B /* Resources */ = {
			isa = PBXResourcesBuildPhase;
			buildActionMask = 2147483647;
			files = (
			);
			runOnlyForDeploymentPostprocessing = 0;
		};
/* End PBXResourcesBuildPhase section */

/* Begin PBXShellScriptBuildPhase section */
		23C796B498D220E0A5467D9C /* [CP] Copy Pods Resources */ = {
			isa = PBXShellScriptBuildPhase;
			buildActionMask = 2147483647;
			files = (
			);
			inputPaths = (
			);
			name = "[CP] Copy Pods Resources";
			outputPaths = (
			);
			runOnlyForDeploymentPostprocessing = 0;
			shellPath = /bin/sh;
			shellScript = "\"${SRCROOT}/Pods/Target Support Files/Pods-SwiftBaseMVVM/Pods-SwiftBaseMVVM-resources.sh\"\n";
			showEnvVarsInLog = 0;
		};
		A9B068C7AFA7E43F13AA4203 /* [CP] Embed Pods Frameworks */ = {
			isa = PBXShellScriptBuildPhase;
			buildActionMask = 2147483647;
			files = (
			);
			inputPaths = (
				"${SRCROOT}/Pods/Target Support Files/Pods-SwiftBaseMVVM/Pods-SwiftBaseMVVM-frameworks.sh",
				"${BUILT_PRODUCTS_DIR}/Alamofire/Alamofire.framework",
				"${BUILT_PRODUCTS_DIR}/CryptoSwift/CryptoSwift.framework",
				"${BUILT_PRODUCTS_DIR}/FSCalendar/FSCalendar.framework",
				"${BUILT_PRODUCTS_DIR}/FileBrowser/FileBrowser.framework",
				"${BUILT_PRODUCTS_DIR}/Hero/Hero.framework",
				"${BUILT_PRODUCTS_DIR}/IQKeyboardManager/IQKeyboardManager.framework",
				"${BUILT_PRODUCTS_DIR}/Kingfisher/Kingfisher.framework",
				"${BUILT_PRODUCTS_DIR}/MJRefresh/MJRefresh.framework",
				"${BUILT_PRODUCTS_DIR}/Moya/Moya.framework",
				"${BUILT_PRODUCTS_DIR}/Moya-ObjectMapper/Moya_ObjectMapper.framework",
				"${BUILT_PRODUCTS_DIR}/NVActivityIndicatorView/NVActivityIndicatorView.framework",
				"${BUILT_PRODUCTS_DIR}/ObjectMapper/ObjectMapper.framework",
				"${BUILT_PRODUCTS_DIR}/Result/Result.framework",
				"${BUILT_PRODUCTS_DIR}/RxCocoa/RxCocoa.framework",
				"${BUILT_PRODUCTS_DIR}/RxSwift/RxSwift.framework",
				"${BUILT_PRODUCTS_DIR}/SnapKit/SnapKit.framework",
				"${BUILT_PRODUCTS_DIR}/SwiftMessages/SwiftMessages.framework",
				"${BUILT_PRODUCTS_DIR}/SwiftyJSON/SwiftyJSON.framework",
				"${BUILT_PRODUCTS_DIR}/Then/Then.framework",
			);
			name = "[CP] Embed Pods Frameworks";
			outputPaths = (
				"${TARGET_BUILD_DIR}/${FRAMEWORKS_FOLDER_PATH}/Alamofire.framework",
				"${TARGET_BUILD_DIR}/${FRAMEWORKS_FOLDER_PATH}/CryptoSwift.framework",
				"${TARGET_BUILD_DIR}/${FRAMEWORKS_FOLDER_PATH}/FSCalendar.framework",
				"${TARGET_BUILD_DIR}/${FRAMEWORKS_FOLDER_PATH}/FileBrowser.framework",
				"${TARGET_BUILD_DIR}/${FRAMEWORKS_FOLDER_PATH}/Hero.framework",
				"${TARGET_BUILD_DIR}/${FRAMEWORKS_FOLDER_PATH}/IQKeyboardManager.framework",
				"${TARGET_BUILD_DIR}/${FRAMEWORKS_FOLDER_PATH}/Kingfisher.framework",
				"${TARGET_BUILD_DIR}/${FRAMEWORKS_FOLDER_PATH}/MJRefresh.framework",
				"${TARGET_BUILD_DIR}/${FRAMEWORKS_FOLDER_PATH}/Moya.framework",
				"${TARGET_BUILD_DIR}/${FRAMEWORKS_FOLDER_PATH}/Moya_ObjectMapper.framework",
				"${TARGET_BUILD_DIR}/${FRAMEWORKS_FOLDER_PATH}/NVActivityIndicatorView.framework",
				"${TARGET_BUILD_DIR}/${FRAMEWORKS_FOLDER_PATH}/ObjectMapper.framework",
				"${TARGET_BUILD_DIR}/${FRAMEWORKS_FOLDER_PATH}/Result.framework",
				"${TARGET_BUILD_DIR}/${FRAMEWORKS_FOLDER_PATH}/RxCocoa.framework",
				"${TARGET_BUILD_DIR}/${FRAMEWORKS_FOLDER_PATH}/RxSwift.framework",
				"${TARGET_BUILD_DIR}/${FRAMEWORKS_FOLDER_PATH}/SnapKit.framework",
				"${TARGET_BUILD_DIR}/${FRAMEWORKS_FOLDER_PATH}/SwiftMessages.framework",
				"${TARGET_BUILD_DIR}/${FRAMEWORKS_FOLDER_PATH}/SwiftyJSON.framework",
				"${TARGET_BUILD_DIR}/${FRAMEWORKS_FOLDER_PATH}/Then.framework",
			);
			runOnlyForDeploymentPostprocessing = 0;
			shellPath = /bin/sh;
			shellScript = "\"${SRCROOT}/Pods/Target Support Files/Pods-SwiftBaseMVVM/Pods-SwiftBaseMVVM-frameworks.sh\"\n";
			showEnvVarsInLog = 0;
		};
		CEFEC830A098F95F27D715BF /* [CP] Check Pods Manifest.lock */ = {
			isa = PBXShellScriptBuildPhase;
			buildActionMask = 2147483647;
			files = (
			);
			inputPaths = (
				"${PODS_PODFILE_DIR_PATH}/Podfile.lock",
				"${PODS_ROOT}/Manifest.lock",
			);
			name = "[CP] Check Pods Manifest.lock";
			outputPaths = (
				"$(DERIVED_FILE_DIR)/Pods-SwiftBaseMVVM-checkManifestLockResult.txt",
			);
			runOnlyForDeploymentPostprocessing = 0;
			shellPath = /bin/sh;
			shellScript = "diff \"${PODS_PODFILE_DIR_PATH}/Podfile.lock\" \"${PODS_ROOT}/Manifest.lock\" > /dev/null\nif [ $? != 0 ] ; then\n    # print error to STDERR\n    echo \"error: The sandbox is not in sync with the Podfile.lock. Run 'pod install' or update your CocoaPods installation.\" >&2\n    exit 1\nfi\n# This output is used by Xcode 'outputs' to avoid re-running this script phase.\necho \"SUCCESS\" > \"${SCRIPT_OUTPUT_FILE_0}\"\n";
			showEnvVarsInLog = 0;
		};
/* End PBXShellScriptBuildPhase section */

/* Begin PBXSourcesBuildPhase section */
		89CDBF4A1FCE817B0045457B /* Sources */ = {
			isa = PBXSourcesBuildPhase;
			buildActionMask = 2147483647;
			files = (
				89CDBF881FCE82060045457B /* Model.swift in Sources */,
				89CDBF541FCE817B0045457B /* ViewController.swift in Sources */,
				89CDBF871FCE82060045457B /* File.swift in Sources */,
				89CDBF891FCE82060045457B /* HTTPRequestTool.swift in Sources */,
				89CDBF861FCE82060045457B /* SwiftMessageManager.swift in Sources */,
				89CDBF8A1FCE82060045457B /* BaseViewController.swift in Sources */,
				89CDBF8B1FCE82060045457B /* ViewModel.swift in Sources */,
				89CDBF521FCE817B0045457B /* AppDelegate.swift in Sources */,
			);
			runOnlyForDeploymentPostprocessing = 0;
		};
		89CDBF5E1FCE817B0045457B /* Sources */ = {
			isa = PBXSourcesBuildPhase;
			buildActionMask = 2147483647;
			files = (
				89CDBF671FCE817B0045457B /* SwiftBaseMVVMTests.swift in Sources */,
			);
			runOnlyForDeploymentPostprocessing = 0;
		};
		89CDBF691FCE817B0045457B /* Sources */ = {
			isa = PBXSourcesBuildPhase;
			buildActionMask = 2147483647;
			files = (
				89CDBF721FCE817B0045457B /* SwiftBaseMVVMUITests.swift in Sources */,
			);
			runOnlyForDeploymentPostprocessing = 0;
		};
/* End PBXSourcesBuildPhase section */

/* Begin PBXTargetDependency section */
		89CDBF641FCE817B0045457B /* PBXTargetDependency */ = {
			isa = PBXTargetDependency;
			target = 89CDBF4D1FCE817B0045457B /* SwiftBaseMVVM */;
			targetProxy = 89CDBF631FCE817B0045457B /* PBXContainerItemProxy */;
		};
		89CDBF6F1FCE817B0045457B /* PBXTargetDependency */ = {
			isa = PBXTargetDependency;
			target = 89CDBF4D1FCE817B0045457B /* SwiftBaseMVVM */;
			targetProxy = 89CDBF6E1FCE817B0045457B /* PBXContainerItemProxy */;
		};
/* End PBXTargetDependency section */

/* Begin PBXVariantGroup section */
		89CDBF551FCE817B0045457B /* Main.storyboard */ = {
			isa = PBXVariantGroup;
			children = (
				89CDBF561FCE817B0045457B /* Base */,
			);
			name = Main.storyboard;
			sourceTree = "<group>";
		};
		89CDBF5A1FCE817B0045457B /* LaunchScreen.storyboard */ = {
			isa = PBXVariantGroup;
			children = (
				89CDBF5B1FCE817B0045457B /* Base */,
			);
			name = LaunchScreen.storyboard;
			sourceTree = "<group>";
		};
/* End PBXVariantGroup section */

/* Begin XCBuildConfiguration section */
		89CDBF741FCE817B0045457B /* Debug */ = {
			isa = XCBuildConfiguration;
			buildSettings = {
				ALWAYS_SEARCH_USER_PATHS = NO;
				CLANG_ANALYZER_NONNULL = YES;
				CLANG_ANALYZER_NUMBER_OBJECT_CONVERSION = YES_AGGRESSIVE;
				CLANG_CXX_LANGUAGE_STANDARD = "gnu++14";
				CLANG_CXX_LIBRARY = "libc++";
				CLANG_ENABLE_MODULES = YES;
				CLANG_ENABLE_OBJC_ARC = YES;
				CLANG_WARN_BLOCK_CAPTURE_AUTORELEASING = YES;
				CLANG_WARN_BOOL_CONVERSION = YES;
				CLANG_WARN_COMMA = YES;
				CLANG_WARN_CONSTANT_CONVERSION = YES;
				CLANG_WARN_DIRECT_OBJC_ISA_USAGE = YES_ERROR;
				CLANG_WARN_DOCUMENTATION_COMMENTS = YES;
				CLANG_WARN_EMPTY_BODY = YES;
				CLANG_WARN_ENUM_CONVERSION = YES;
				CLANG_WARN_INFINITE_RECURSION = YES;
				CLANG_WARN_INT_CONVERSION = YES;
				CLANG_WARN_NON_LITERAL_NULL_CONVERSION = YES;
				CLANG_WARN_OBJC_LITERAL_CONVERSION = YES;
				CLANG_WARN_OBJC_ROOT_CLASS = YES_ERROR;
				CLANG_WARN_RANGE_LOOP_ANALYSIS = YES;
				CLANG_WARN_STRICT_PROTOTYPES = YES;
				CLANG_WARN_SUSPICIOUS_MOVE = YES;
				CLANG_WARN_UNGUARDED_AVAILABILITY = YES_AGGRESSIVE;
				CLANG_WARN_UNREACHABLE_CODE = YES;
				CLANG_WARN__DUPLICATE_METHOD_MATCH = YES;
				CODE_SIGN_IDENTITY = "iPhone Developer";
				COPY_PHASE_STRIP = NO;
				DEBUG_INFORMATION_FORMAT = dwarf;
				ENABLE_STRICT_OBJC_MSGSEND = YES;
				ENABLE_TESTABILITY = YES;
				GCC_C_LANGUAGE_STANDARD = gnu11;
				GCC_DYNAMIC_NO_PIC = NO;
				GCC_NO_COMMON_BLOCKS = YES;
				GCC_OPTIMIZATION_LEVEL = 0;
				GCC_PREPROCESSOR_DEFINITIONS = (
					"DEBUG=1",
					"$(inherited)",
				);
				GCC_WARN_64_TO_32_BIT_CONVERSION = YES;
				GCC_WARN_ABOUT_RETURN_TYPE = YES_ERROR;
				GCC_WARN_UNDECLARED_SELECTOR = YES;
				GCC_WARN_UNINITIALIZED_AUTOS = YES_AGGRESSIVE;
				GCC_WARN_UNUSED_FUNCTION = YES;
				GCC_WARN_UNUSED_VARIABLE = YES;
				IPHONEOS_DEPLOYMENT_TARGET = 11.0;
				MTL_ENABLE_DEBUG_INFO = YES;
				ONLY_ACTIVE_ARCH = YES;
				SDKROOT = iphoneos;
				SWIFT_ACTIVE_COMPILATION_CONDITIONS = DEBUG;
				SWIFT_OPTIMIZATION_LEVEL = "-Onone";
			};
			name = Debug;
		};
		89CDBF751FCE817B0045457B /* Release */ = {
			isa = XCBuildConfiguration;
			buildSettings = {
				ALWAYS_SEARCH_USER_PATHS = NO;
				CLANG_ANALYZER_NONNULL = YES;
				CLANG_ANALYZER_NUMBER_OBJECT_CONVERSION = YES_AGGRESSIVE;
				CLANG_CXX_LANGUAGE_STANDARD = "gnu++14";
				CLANG_CXX_LIBRARY = "libc++";
				CLANG_ENABLE_MODULES = YES;
				CLANG_ENABLE_OBJC_ARC = YES;
				CLANG_WARN_BLOCK_CAPTURE_AUTORELEASING = YES;
				CLANG_WARN_BOOL_CONVERSION = YES;
				CLANG_WARN_COMMA = YES;
				CLANG_WARN_CONSTANT_CONVERSION = YES;
				CLANG_WARN_DIRECT_OBJC_ISA_USAGE = YES_ERROR;
				CLANG_WARN_DOCUMENTATION_COMMENTS = YES;
				CLANG_WARN_EMPTY_BODY = YES;
				CLANG_WARN_ENUM_CONVERSION = YES;
				CLANG_WARN_INFINITE_RECURSION = YES;
				CLANG_WARN_INT_CONVERSION = YES;
				CLANG_WARN_NON_LITERAL_NULL_CONVERSION = YES;
				CLANG_WARN_OBJC_LITERAL_CONVERSION = YES;
				CLANG_WARN_OBJC_ROOT_CLASS = YES_ERROR;
				CLANG_WARN_RANGE_LOOP_ANALYSIS = YES;
				CLANG_WARN_STRICT_PROTOTYPES = YES;
				CLANG_WARN_SUSPICIOUS_MOVE = YES;
				CLANG_WARN_UNGUARDED_AVAILABILITY = YES_AGGRESSIVE;
				CLANG_WARN_UNREACHABLE_CODE = YES;
				CLANG_WARN__DUPLICATE_METHOD_MATCH = YES;
				CODE_SIGN_IDENTITY = "iPhone Developer";
				COPY_PHASE_STRIP = NO;
				DEBUG_INFORMATION_FORMAT = "dwarf-with-dsym";
				ENABLE_NS_ASSERTIONS = NO;
				ENABLE_STRICT_OBJC_MSGSEND = YES;
				GCC_C_LANGUAGE_STANDARD = gnu11;
				GCC_NO_COMMON_BLOCKS = YES;
				GCC_WARN_64_TO_32_BIT_CONVERSION = YES;
				GCC_WARN_ABOUT_RETURN_TYPE = YES_ERROR;
				GCC_WARN_UNDECLARED_SELECTOR = YES;
				GCC_WARN_UNINITIALIZED_AUTOS = YES_AGGRESSIVE;
				GCC_WARN_UNUSED_FUNCTION = YES;
				GCC_WARN_UNUSED_VARIABLE = YES;
				IPHONEOS_DEPLOYMENT_TARGET = 11.0;
				MTL_ENABLE_DEBUG_INFO = NO;
				SDKROOT = iphoneos;
				SWIFT_OPTIMIZATION_LEVEL = "-Owholemodule";
				VALIDATE_PRODUCT = YES;
			};
			name = Release;
		};
		89CDBF771FCE817B0045457B /* Debug */ = {
			isa = XCBuildConfiguration;
			baseConfigurationReference = DB071853528D01B0BD8BC804 /* Pods-SwiftBaseMVVM.debug.xcconfig */;
			buildSettings = {
				ASSETCATALOG_COMPILER_APPICON_NAME = AppIcon;
				CODE_SIGN_STYLE = Automatic;
				DEVELOPMENT_TEAM = VALQ39Y9P2;
				INFOPLIST_FILE = SwiftBaseMVVM/Info.plist;
				IPHONEOS_DEPLOYMENT_TARGET = 9.0;
				LD_RUNPATH_SEARCH_PATHS = "$(inherited) @executable_path/Frameworks";
				PRODUCT_BUNDLE_IDENTIFIER = zyx.SwiftBaseMVVM;
				PRODUCT_NAME = "$(TARGET_NAME)";
				SWIFT_VERSION = 4.0;
				TARGETED_DEVICE_FAMILY = "1,2";
			};
			name = Debug;
		};
		89CDBF781FCE817B0045457B /* Release */ = {
			isa = XCBuildConfiguration;
			baseConfigurationReference = 50120DF9450795F7C2C1CEB7 /* Pods-SwiftBaseMVVM.release.xcconfig */;
			buildSettings = {
				ASSETCATALOG_COMPILER_APPICON_NAME = AppIcon;
				CODE_SIGN_STYLE = Automatic;
				DEVELOPMENT_TEAM = VALQ39Y9P2;
				INFOPLIST_FILE = SwiftBaseMVVM/Info.plist;
				IPHONEOS_DEPLOYMENT_TARGET = 9.0;
				LD_RUNPATH_SEARCH_PATHS = "$(inherited) @executable_path/Frameworks";
				PRODUCT_BUNDLE_IDENTIFIER = zyx.SwiftBaseMVVM;
				PRODUCT_NAME = "$(TARGET_NAME)";
				SWIFT_VERSION = 4.0;
				TARGETED_DEVICE_FAMILY = "1,2";
			};
			name = Release;
		};
		89CDBF7A1FCE817B0045457B /* Debug */ = {
			isa = XCBuildConfiguration;
			buildSettings = {
				ALWAYS_EMBED_SWIFT_STANDARD_LIBRARIES = YES;
				BUNDLE_LOADER = "$(TEST_HOST)";
				CODE_SIGN_STYLE = Automatic;
				DEVELOPMENT_TEAM = VALQ39Y9P2;
				INFOPLIST_FILE = SwiftBaseMVVMTests/Info.plist;
				LD_RUNPATH_SEARCH_PATHS = "$(inherited) @executable_path/Frameworks @loader_path/Frameworks";
				PRODUCT_BUNDLE_IDENTIFIER = zyx.SwiftBaseMVVMTests;
				PRODUCT_NAME = "$(TARGET_NAME)";
				SWIFT_VERSION = 4.0;
				TARGETED_DEVICE_FAMILY = "1,2";
				TEST_HOST = "$(BUILT_PRODUCTS_DIR)/SwiftBaseMVVM.app/SwiftBaseMVVM";
			};
			name = Debug;
		};
		89CDBF7B1FCE817B0045457B /* Release */ = {
			isa = XCBuildConfiguration;
			buildSettings = {
				ALWAYS_EMBED_SWIFT_STANDARD_LIBRARIES = YES;
				BUNDLE_LOADER = "$(TEST_HOST)";
				CODE_SIGN_STYLE = Automatic;
				DEVELOPMENT_TEAM = VALQ39Y9P2;
				INFOPLIST_FILE = SwiftBaseMVVMTests/Info.plist;
				LD_RUNPATH_SEARCH_PATHS = "$(inherited) @executable_path/Frameworks @loader_path/Frameworks";
				PRODUCT_BUNDLE_IDENTIFIER = zyx.SwiftBaseMVVMTests;
				PRODUCT_NAME = "$(TARGET_NAME)";
				SWIFT_VERSION = 4.0;
				TARGETED_DEVICE_FAMILY = "1,2";
				TEST_HOST = "$(BUILT_PRODUCTS_DIR)/SwiftBaseMVVM.app/SwiftBaseMVVM";
			};
			name = Release;
		};
		89CDBF7D1FCE817B0045457B /* Debug */ = {
			isa = XCBuildConfiguration;
			buildSettings = {
				ALWAYS_EMBED_SWIFT_STANDARD_LIBRARIES = YES;
				CODE_SIGN_STYLE = Automatic;
				DEVELOPMENT_TEAM = VALQ39Y9P2;
				INFOPLIST_FILE = SwiftBaseMVVMUITests/Info.plist;
				LD_RUNPATH_SEARCH_PATHS = "$(inherited) @executable_path/Frameworks @loader_path/Frameworks";
				PRODUCT_BUNDLE_IDENTIFIER = zyx.SwiftBaseMVVMUITests;
				PRODUCT_NAME = "$(TARGET_NAME)";
				SWIFT_VERSION = 4.0;
				TARGETED_DEVICE_FAMILY = "1,2";
				TEST_TARGET_NAME = SwiftBaseMVVM;
			};
			name = Debug;
		};
		89CDBF7E1FCE817B0045457B /* Release */ = {
			isa = XCBuildConfiguration;
			buildSettings = {
				ALWAYS_EMBED_SWIFT_STANDARD_LIBRARIES = YES;
				CODE_SIGN_STYLE = Automatic;
				DEVELOPMENT_TEAM = VALQ39Y9P2;
				INFOPLIST_FILE = SwiftBaseMVVMUITests/Info.plist;
				LD_RUNPATH_SEARCH_PATHS = "$(inherited) @executable_path/Frameworks @loader_path/Frameworks";
				PRODUCT_BUNDLE_IDENTIFIER = zyx.SwiftBaseMVVMUITests;
				PRODUCT_NAME = "$(TARGET_NAME)";
				SWIFT_VERSION = 4.0;
				TARGETED_DEVICE_FAMILY = "1,2";
				TEST_TARGET_NAME = SwiftBaseMVVM;
			};
			name = Release;
		};
/* End XCBuildConfiguration section */

/* Begin XCConfigurationList section */
		89CDBF491FCE817B0045457B /* Build configuration list for PBXProject "SwiftBaseMVVM" */ = {
			isa = XCConfigurationList;
			buildConfigurations = (
				89CDBF741FCE817B0045457B /* Debug */,
				89CDBF751FCE817B0045457B /* Release */,
			);
			defaultConfigurationIsVisible = 0;
			defaultConfigurationName = Release;
		};
		89CDBF761FCE817B0045457B /* Build configuration list for PBXNativeTarget "SwiftBaseMVVM" */ = {
			isa = XCConfigurationList;
			buildConfigurations = (
				89CDBF771FCE817B0045457B /* Debug */,
				89CDBF781FCE817B0045457B /* Release */,
			);
			defaultConfigurationIsVisible = 0;
			defaultConfigurationName = Release;
		};
		89CDBF791FCE817B0045457B /* Build configuration list for PBXNativeTarget "SwiftBaseMVVMTests" */ = {
			isa = XCConfigurationList;
			buildConfigurations = (
				89CDBF7A1FCE817B0045457B /* Debug */,
				89CDBF7B1FCE817B0045457B /* Release */,
			);
			defaultConfigurationIsVisible = 0;
			defaultConfigurationName = Release;
		};
		89CDBF7C1FCE817B0045457B /* Build configuration list for PBXNativeTarget "SwiftBaseMVVMUITests" */ = {
			isa = XCConfigurationList;
			buildConfigurations = (
				89CDBF7D1FCE817B0045457B /* Debug */,
				89CDBF7E1FCE817B0045457B /* Release */,
			);
			defaultConfigurationIsVisible = 0;
			defaultConfigurationName = Release;
		};
/* End XCConfigurationList section */
	};
	rootObject = 89CDBF461FCE817B0045457B /* Project object */;
}
